schema: '2.0'
stages:
  training:
    cmd: python notebooks/StressModel.py
    deps:
    - path: data/results
      hash: md5
      md5: fbf63f9fb5f7e2c67c7e7d42ef4a17cc.dir
      size: 83654069
      nfiles: 8
    - path: notebooks/StressModel.py
      hash: md5
      md5: a243538b978e8e33405bc121c73f27fa
      size: 11587
    params:
      params.yaml:
        model:
          learning_rate: 0.001
          epochs: 30
          batch_size: 32
          activation: relu
          metrics:
          - EDA
          - BVP
          - TEMP
          - ACC
          kernel_size: 3
          shuffle_buffer_size: 1024
          kernel_regularizer: 0.001
          input_shapes:
            EDA: 32
            BVP: 256
            TEMP: 32
            ACC: 256
          input_features: 1
  evaluation:
    cmd: python notebooks/evaluate.py
    deps:
    - path: models/best_model.h5
      hash: md5
      md5: 57e7eec8976e5efbcf673af1fa82501d
      size: 3492992
    - path: notebooks/evaluate.py
      hash: md5
      md5: bfb24f0c42035da6918522b4b583e0b4
      size: 7447
