schema: '2.0'
stages:
  training:
    cmd: python notebooks/StressModel.py
  preprocessing:
    cmd: python code/preprocessing/main.py
    deps:
    - path: data/WESAD
      hash: md5
      md5: c82e04eedaa116886b837001551e4984.dir
      size: 17847329168
      nfiles: 107
    outs:
    - path: data/processed_data
      hash: md5
      md5: 16f02c5dcd8a4028d453622d95a1fa19.dir
      size: 50187166
      nfiles: 15
  split:
    cmd: python code/split_train_test.py
    deps:
    - path: data/processed_data
      hash: md5
      md5: 16f02c5dcd8a4028d453622d95a1fa19.dir
      size: 50187166
      nfiles: 15
    outs:
    - path: data/results
      hash: md5
      md5: 10af25fa0fb03ce4d2b634f2b1a0bda2.dir
      size: 73332685
      nfiles: 8
    - path: images/evaluation
      hash: md5
      md5: d751713988987e9331980363e24189ce.dir
      size: 0
      nfiles: 0
